{
  "requires": true,
  "lockfileVersion": 1,
  "dependencies": {
    "@types/node": {
      "version": "15.12.5",
      "resolved": "http://192.168.1.49:9091/repository/private_npm_group/@types/node/-/node-15.12.5.tgz",
      "integrity": "sha1-mngxikXXXJUj0jlhMb08ylSy0YU=",
      "dev": true
    },
    "typescript": {
      "version": "4.3.4",
      "resolved": "http://192.168.1.49:9091/repository/private_npm_group/typescript/-/typescript-4.3.4.tgz",
      "integrity": "sha1-P4W5hpRbzzEHHezdls+L+mX53Lw="
    }
  }
}
